
Microsoft Visual Studio Solution File, Format Version 12.00
# Visual Studio 2013
VisualStudioVersion = 12.0.31101.0
MinimumVisualStudioVersion = 10.0.40219.1
Project("{2150E333-8FDC-42A3-9474-1A3956D46DE8}") = "Tests", "Tests", "{5F62E9D9-BE2D-416B-934B-118D9D01786A}"
EndProject
Project("{FAE04EC0-301F-11D3-BF4B-00C04F79EFBC}") = "Bardock.R2O", "src\Bardock.R2O\Bardock.R2O.csproj", "{29DFF1AF-BD74-4AE1-B14D-40C1107F279E}"
EndProject
Project("{FAE04EC0-301F-11D3-BF4B-00C04F79EFBC}") = "Bardock.R2O.AdoNet", "src\Bardock.R2O.AdoNet\Bardock.R2O.AdoNet.csproj", "{A31ACE90-34E4-4FDA-B64F-C3DFCCC70105}"
EndProject
Project("{FAE04EC0-301F-11D3-BF4B-00C04F79EFBC}") = "Bardock.R2O.AdoNet.Tests", "tests\Bardock.R2O.AdoNet.Tests\Bardock.R2O.AdoNet.Tests.csproj", "{B7FCB5B3-BD47-49BA-A6FE-A0805D39A644}"
EndProject
Project("{FAE04EC0-301F-11D3-BF4B-00C04F79EFBC}") = "Bardock.R2O.Tests", "tests\Bardock.R2O.Tests\Bardock.R2O.Tests.csproj", "{0C7320EC-39C7-49A0-805D-F12390C7430D}"
EndProject
Global
	GlobalSection(SolutionConfigurationPlatforms) = preSolution
		Debug|Any CPU = Debug|Any CPU
		Release|Any CPU = Release|Any CPU
	EndGlobalSection
	GlobalSection(ProjectConfigurationPlatforms) = postSolution
		{29DFF1AF-BD74-4AE1-B14D-40C1107F279E}.Debug|Any CPU.ActiveCfg = Debug|Any CPU
		{29DFF1AF-BD74-4AE1-B14D-40C1107F279E}.Debug|Any CPU.Build.0 = Debug|Any CPU
		{29DFF1AF-BD74-4AE1-B14D-40C1107F279E}.Release|Any CPU.ActiveCfg = Release|Any CPU
		{29DFF1AF-BD74-4AE1-B14D-40C1107F279E}.Release|Any CPU.Build.0 = Release|Any CPU
		{A31ACE90-34E4-4FDA-B64F-C3DFCCC70105}.Debug|Any CPU.ActiveCfg = Debug|Any CPU
		{A31ACE90-34E4-4FDA-B64F-C3DFCCC70105}.Debug|Any CPU.Build.0 = Debug|Any CPU
		{A31ACE90-34E4-4FDA-B64F-C3DFCCC70105}.Release|Any CPU.ActiveCfg = Release|Any CPU
		{A31ACE90-34E4-4FDA-B64F-C3DFCCC70105}.Release|Any CPU.Build.0 = Release|Any CPU
		{B7FCB5B3-BD47-49BA-A6FE-A0805D39A644}.Debug|Any CPU.ActiveCfg = Debug|Any CPU
		{B7FCB5B3-BD47-49BA-A6FE-A0805D39A644}.Debug|Any CPU.Build.0 = Debug|Any CPU
		{B7FCB5B3-BD47-49BA-A6FE-A0805D39A644}.Release|Any CPU.ActiveCfg = Release|Any CPU
		{B7FCB5B3-BD47-49BA-A6FE-A0805D39A644}.Release|Any CPU.Build.0 = Release|Any CPU
		{0C7320EC-39C7-49A0-805D-F12390C7430D}.Debug|Any CPU.ActiveCfg = Debug|Any CPU
		{0C7320EC-39C7-49A0-805D-F12390C7430D}.Debug|Any CPU.Build.0 = Debug|Any CPU
		{0C7320EC-39C7-49A0-805D-F12390C7430D}.Release|Any CPU.ActiveCfg = Release|Any CPU
		{0C7320EC-39C7-49A0-805D-F12390C7430D}.Release|Any CPU.Build.0 = Release|Any CPU
	EndGlobalSection
	GlobalSection(SolutionProperties) = preSolution
		HideSolutionNode = FALSE
	EndGlobalSection
	GlobalSection(NestedProjects) = preSolution
		{B7FCB5B3-BD47-49BA-A6FE-A0805D39A644} = {5F62E9D9-BE2D-416B-934B-118D9D01786A}
		{0C7320EC-39C7-49A0-805D-F12390C7430D} = {5F62E9D9-BE2D-416B-934B-118D9D01786A}
	EndGlobalSection
EndGlobal
